{
  "name": "myapp",
  "version": "1.0.0",
  "lockfileVersion": 1,
  "requires": true,
  "dependencies": {
    "@camisbrussi/fluentsql": {
      "version": "2.0.0",
      "resolved": "https://registry.npmjs.org/@camisbrussi/fluentsql/-/fluentsql-2.0.0.tgz",
      "integrity": "sha512-aad6uNfaEmWs78EYSvpP/2awaDJaCTVWprzbN8fEBvZ3MkxwvKKZlC+A1IJPNgBYJDm8xeAscjaoivRqBtBZkQ=="
    }
  }
}
